
Microsoft Visual Studio Solution File, Format Version 12.00
# Visual Studio Version 17
VisualStudioVersion = 17.3.32922.545
MinimumVisualStudioVersion = 10.0.40219.1
Project("{FAE04EC0-301F-11D3-BF4B-00C04F79EFBC}") = "Salat", "Salat\Salat.csproj", "{EF28AAEA-754B-4AC1-8C5A-B186472147C1}"
EndProject
Project("{FAE04EC0-301F-11D3-BF4B-00C04F79EFBC}") = "updater", "updater\updater.csproj", "{C92F8D43-D197-4109-9CB2-025D2DEDAC25}"
EndProject
Global
	GlobalSection(SolutionConfigurationPlatforms) = preSolution
		Debug|Any CPU = Debug|Any CPU
		Release|Any CPU = Release|Any CPU
	EndGlobalSection
	GlobalSection(ProjectConfigurationPlatforms) = postSolution
		{EF28AAEA-754B-4AC1-8C5A-B186472147C1}.Debug|Any CPU.ActiveCfg = Debug|Any CPU
		{EF28AAEA-754B-4AC1-8C5A-B186472147C1}.Debug|Any CPU.Build.0 = Debug|Any CPU
		{EF28AAEA-754B-4AC1-8C5A-B186472147C1}.Release|Any CPU.ActiveCfg = Release|Any CPU
		{EF28AAEA-754B-4AC1-8C5A-B186472147C1}.Release|Any CPU.Build.0 = Release|Any CPU
		{C92F8D43-D197-4109-9CB2-025D2DEDAC25}.Debug|Any CPU.ActiveCfg = Debug|Any CPU
		{C92F8D43-D197-4109-9CB2-025D2DEDAC25}.Debug|Any CPU.Build.0 = Debug|Any CPU
		{C92F8D43-D197-4109-9CB2-025D2DEDAC25}.Release|Any CPU.ActiveCfg = Release|Any CPU
		{C92F8D43-D197-4109-9CB2-025D2DEDAC25}.Release|Any CPU.Build.0 = Release|Any CPU
	EndGlobalSection
	GlobalSection(SolutionProperties) = preSolution
		HideSolutionNode = FALSE
	EndGlobalSection
	GlobalSection(ExtensibilityGlobals) = postSolution
		SolutionGuid = {D490E4BF-CCEC-4586-B69C-8E16DAA9C0D2}
	EndGlobalSection
EndGlobal
